
Microsoft Visual Studio Solution File, Format Version 12.00
# Visual Studio Version 16
VisualStudioVersion = 16.0.31515.178
MinimumVisualStudioVersion = 10.0.40219.1
Project("{FAE04EC0-301F-11D3-BF4B-00C04F79EFBC}") = "KampMetot", "KampMetot\KampMetot.csproj", "{9D9825CD-EE97-4C5D-A14E-5FFD8964D2E9}"
EndProject
Project("{FAE04EC0-301F-11D3-BF4B-00C04F79EFBC}") = "Matemetik", "Matemetik\Matemetik.csproj", "{EDE66787-01C9-423B-8E0A-51ACF974BB5C}"
EndProject
Project("{FAE04EC0-301F-11D3-BF4B-00C04F79EFBC}") = "DegerVeReferansTipler", "DegerVeReferansTipler\DegerVeReferansTipler.csproj", "{62CC6B0A-B3D3-4A0E-A275-683849A3BC08}"
EndProject
Project("{FAE04EC0-301F-11D3-BF4B-00C04F79EFBC}") = "ClassMetotDemo", "ClassMetotDemo\ClassMetotDemo.csproj", "{CB2EA361-DC31-430E-B438-39EE83705F73}"
EndProject
Global
	GlobalSection(SolutionConfigurationPlatforms) = preSolution
		Debug|Any CPU = Debug|Any CPU
		Release|Any CPU = Release|Any CPU
	EndGlobalSection
	GlobalSection(ProjectConfigurationPlatforms) = postSolution
		{9D9825CD-EE97-4C5D-A14E-5FFD8964D2E9}.Debug|Any CPU.ActiveCfg = Debug|Any CPU
		{9D9825CD-EE97-4C5D-A14E-5FFD8964D2E9}.Debug|Any CPU.Build.0 = Debug|Any CPU
		{9D9825CD-EE97-4C5D-A14E-5FFD8964D2E9}.Release|Any CPU.ActiveCfg = Release|Any CPU
		{9D9825CD-EE97-4C5D-A14E-5FFD8964D2E9}.Release|Any CPU.Build.0 = Release|Any CPU
		{EDE66787-01C9-423B-8E0A-51ACF974BB5C}.Debug|Any CPU.ActiveCfg = Debug|Any CPU
		{EDE66787-01C9-423B-8E0A-51ACF974BB5C}.Debug|Any CPU.Build.0 = Debug|Any CPU
		{EDE66787-01C9-423B-8E0A-51ACF974BB5C}.Release|Any CPU.ActiveCfg = Release|Any CPU
		{EDE66787-01C9-423B-8E0A-51ACF974BB5C}.Release|Any CPU.Build.0 = Release|Any CPU
		{62CC6B0A-B3D3-4A0E-A275-683849A3BC08}.Debug|Any CPU.ActiveCfg = Debug|Any CPU
		{62CC6B0A-B3D3-4A0E-A275-683849A3BC08}.Debug|Any CPU.Build.0 = Debug|Any CPU
		{62CC6B0A-B3D3-4A0E-A275-683849A3BC08}.Release|Any CPU.ActiveCfg = Release|Any CPU
		{62CC6B0A-B3D3-4A0E-A275-683849A3BC08}.Release|Any CPU.Build.0 = Release|Any CPU
		{CB2EA361-DC31-430E-B438-39EE83705F73}.Debug|Any CPU.ActiveCfg = Debug|Any CPU
		{CB2EA361-DC31-430E-B438-39EE83705F73}.Debug|Any CPU.Build.0 = Debug|Any CPU
		{CB2EA361-DC31-430E-B438-39EE83705F73}.Release|Any CPU.ActiveCfg = Release|Any CPU
		{CB2EA361-DC31-430E-B438-39EE83705F73}.Release|Any CPU.Build.0 = Release|Any CPU
	EndGlobalSection
	GlobalSection(SolutionProperties) = preSolution
		HideSolutionNode = FALSE
	EndGlobalSection
	GlobalSection(ExtensibilityGlobals) = postSolution
		SolutionGuid = {DD5D5438-B2FB-4994-96EF-B62967431047}
	EndGlobalSection
EndGlobal
